
Microsoft Visual Studio Solution File, Format Version 12.00
# Visual Studio Version 16
VisualStudioVersion = 16.0.30011.22
MinimumVisualStudioVersion = 10.0.40219.1
Project("{FAE04EC0-301F-11D3-BF4B-00C04F79EFBC}") = "Voyager", "Voyager\Voyager.csproj", "{A7EC7AC1-992D-4562-A9CC-AF29F944A71E}"
EndProject
Global
	GlobalSection(SolutionConfigurationPlatforms) = preSolution
		Debug|Any CPU = Debug|Any CPU
		Release|Any CPU = Release|Any CPU
	EndGlobalSection
	GlobalSection(ProjectConfigurationPlatforms) = postSolution
		{A7EC7AC1-992D-4562-A9CC-AF29F944A71E}.Debug|Any CPU.ActiveCfg = Debug|Any CPU
		{A7EC7AC1-992D-4562-A9CC-AF29F944A71E}.Debug|Any CPU.Build.0 = Debug|Any CPU
		{A7EC7AC1-992D-4562-A9CC-AF29F944A71E}.Release|Any CPU.ActiveCfg = Release|Any CPU
		{A7EC7AC1-992D-4562-A9CC-AF29F944A71E}.Release|Any CPU.Build.0 = Release|Any CPU
	EndGlobalSection
	GlobalSection(SolutionProperties) = preSolution
		HideSolutionNode = FALSE
	EndGlobalSection
	GlobalSection(ExtensibilityGlobals) = postSolution
		SolutionGuid = {7D847B14-A4AF-49A0-8AAF-B6E1B5441A9D}
	EndGlobalSection
EndGlobal
